
Microsoft Visual Studio Solution File, Format Version 12.00
# Visual Studio Version 16
VisualStudioVersion = 16.0.33027.164
MinimumVisualStudioVersion = 10.0.40219.1
Project("{9A19103F-16F7-4668-BE54-9A1E7A4F7556}") = "for loops remind", "for loops remind\for loops remind.csproj", "{F5DD34F0-65B2-4A7D-A873-1E226BFB91AD}"
EndProject
Project("{9A19103F-16F7-4668-BE54-9A1E7A4F7556}") = "cast", "cast\cast.csproj", "{5496E30D-4F09-4458-8A64-E010E10467C7}"
EndProject
Project("{9A19103F-16F7-4668-BE54-9A1E7A4F7556}") = "ConvertDegreesToRadians", "ConvertDegreesToRadians\ConvertDegreesToRadians.csproj", "{B9473FBA-14A4-4D35-B8F1-451EC9AE6E55}"
EndProject
Project("{9A19103F-16F7-4668-BE54-9A1E7A4F7556}") = "CalculateDeposit", "CalculateDeposit\CalculateDeposit.csproj", "{94923BF9-2A4D-406E-BEF2-40DFDB0AE1E3}"
EndProject
Project("{9A19103F-16F7-4668-BE54-9A1E7A4F7556}") = "VacationBooks", "VacationBooks\VacationBooks.csproj", "{9E0AEF8B-7220-408B-A347-6A0EFF7206FF}"
EndProject
Project("{9A19103F-16F7-4668-BE54-9A1E7A4F7556}") = "SuppliesForSchool", "SuppliesForSchool\SuppliesForSchool.csproj", "{35D4C655-D513-4770-9310-1867E8571FE2}"
EndProject
Project("{9A19103F-16F7-4668-BE54-9A1E7A4F7556}") = "Repainting", "Repainting\Repainting.csproj", "{E23F383E-26BF-4D49-A1EC-588AE298B67B}"
EndProject
Project("{9A19103F-16F7-4668-BE54-9A1E7A4F7556}") = "FoodDelivery", "FoodDelivery\FoodDelivery.csproj", "{B49B0973-B790-44BB-916A-E3CD9AF0C8AC}"
EndProject
Project("{9A19103F-16F7-4668-BE54-9A1E7A4F7556}") = "BaseballEquipment", "BaseballEquipment\BaseballEquipment.csproj", "{484E32BA-B650-47AA-9141-9898DB8CB65A}"
EndProject
Project("{9A19103F-16F7-4668-BE54-9A1E7A4F7556}") = "FishTank", "FishTank\FishTank.csproj", "{D63964AB-7C6E-45F6-A7A3-36773146FC51}"
EndProject
Project("{9A19103F-16F7-4668-BE54-9A1E7A4F7556}") = "NumbersFrom1to100", "NumbersFrom1to100\NumbersFrom1to100.csproj", "{182CB1A3-87A3-42E8-BCFB-75EF76B38AEA}"
EndProject
Project("{9A19103F-16F7-4668-BE54-9A1E7A4F7556}") = "LeftAndRightSum", "LeftAndRightSum\LeftAndRightSum.csproj", "{B0DA6569-EF1B-4753-AED0-1FEA57462B66}"
EndProject
Project("{9A19103F-16F7-4668-BE54-9A1E7A4F7556}") = "EvenOrOddSum", "EvenOrOddSum\EvenOrOddSum.csproj", "{A90CF2E2-3E39-4979-A25D-99A61557E83E}"
EndProject
Project("{9A19103F-16F7-4668-BE54-9A1E7A4F7556}") = "NumbersEndingIn7", "NumbersEndingIn7\NumbersEndingIn7.csproj", "{8B7DD07F-F2B9-4CFB-BE4D-08D9B6A4DC2D}"
EndProject
Project("{9A19103F-16F7-4668-BE54-9A1E7A4F7556}") = "HalfSumElement", "HalfSumElement\HalfSumElement.csproj", "{2F566DCE-73FC-421C-9AD5-02C87639DBC9}"
EndProject
Project("{9A19103F-16F7-4668-BE54-9A1E7A4F7556}") = "Histogram", "Histogram\Histogram.csproj", "{7E961B5A-7F7E-4058-8384-63569D7CC1A0}"
EndProject
Project("{9A19103F-16F7-4668-BE54-9A1E7A4F7556}") = "CleverLily", "CleverLily\CleverLily.csproj", "{6E5CA8CE-5832-418B-9646-62FDBA49F822}"
EndProject
Project("{9A19103F-16F7-4668-BE54-9A1E7A4F7556}") = "Salary", "Salary\Salary.csproj", "{2B4509F5-E01A-40C1-A499-31AE23AA1AD3}"
EndProject
Project("{9A19103F-16F7-4668-BE54-9A1E7A4F7556}") = "Oscars", "Oscars\Oscars.csproj", "{90091825-D548-4EAB-8728-002A4FF3EAE4}"
EndProject
Project("{9A19103F-16F7-4668-BE54-9A1E7A4F7556}") = "TrekkingMania", "TrekkingMania\TrekkingMania.csproj", "{4C40C628-2B25-4D82-96B4-E7419909CF2E}"
EndProject
Project("{9A19103F-16F7-4668-BE54-9A1E7A4F7556}") = "TennisRankList", "TennisRankList\TennisRankList.csproj", "{F88133E6-3A4D-49AF-9116-E6FFDD41BA85}"
EndProject
Project("{9A19103F-16F7-4668-BE54-9A1E7A4F7556}") = "ReadingText", "Password\ReadingText.csproj", "{0D1A98E4-EA5C-4123-AFE7-20789DB53520}"
EndProject
Project("{9A19103F-16F7-4668-BE54-9A1E7A4F7556}") = "Password", "Password\Password.csproj", "{3871B35E-B409-4128-952D-00FCE5AF42DA}"
EndProject
Project("{9A19103F-16F7-4668-BE54-9A1E7A4F7556}") = "SumNumbers", "SumNumbers\SumNumbers.csproj", "{335446B6-E3E4-4CEF-ACB9-43DD19406F79}"
EndProject
Project("{9A19103F-16F7-4668-BE54-9A1E7A4F7556}") = "Number2K-1", "Number2K-1\Number2K-1.csproj", "{AA74D2C5-9A57-4C41-B120-E590C2553F1E}"
EndProject
Project("{9A19103F-16F7-4668-BE54-9A1E7A4F7556}") = "AccountBallance", "AccountBallance\AccountBallance.csproj", "{80E70D66-6471-4BFE-9F39-D97CBAF3935D}"
EndProject
Project("{9A19103F-16F7-4668-BE54-9A1E7A4F7556}") = "BiggestNumber", "BiggestNumber\BiggestNumber.csproj", "{B90595A1-EBBA-44D8-9FBC-A5B28C4E033C}"
EndProject
Project("{9A19103F-16F7-4668-BE54-9A1E7A4F7556}") = "MinimalNumber", "MinimalNumber\MinimalNumber.csproj", "{C43F29BA-C545-48BE-8CF5-CD853A63B200}"
EndProject
Project("{9A19103F-16F7-4668-BE54-9A1E7A4F7556}") = "Graduation", "Graduation\Graduation.csproj", "{02D6FD9D-70BD-4367-B2BF-C11D644B318C}"
EndProject
Project("{9A19103F-16F7-4668-BE54-9A1E7A4F7556}") = "Coins", "ConsoleApp1\Coins.csproj", "{1099BF84-3F98-40E9-89A7-1D15BED7A77D}"
EndProject
Project("{9A19103F-16F7-4668-BE54-9A1E7A4F7556}") = "OldBooks", "OldBooks\OldBooks.csproj", "{9C78D2FF-782A-4995-BAC2-57AF866E94AD}"
EndProject
Project("{9A19103F-16F7-4668-BE54-9A1E7A4F7556}") = "ExamPreparation", "ExamPreparation\ExamPreparation.csproj", "{492242B4-255B-4BDB-82E8-95A5469C8B33}"
EndProject
Project("{9A19103F-16F7-4668-BE54-9A1E7A4F7556}") = "Vacation", "Vacation\Vacation.csproj", "{3123A960-FB1B-4DDA-BEAB-CB009D676EAE}"
EndProject
Project("{9A19103F-16F7-4668-BE54-9A1E7A4F7556}") = "StepGoal", "StepGoal\StepGoal.csproj", "{32F609B7-B682-4AFF-AB91-59225DFF4171}"
EndProject
Project("{9A19103F-16F7-4668-BE54-9A1E7A4F7556}") = "Cake", "Cake\Cake.csproj", "{78B5044E-215C-4512-9F99-DC010E8BB619}"
EndProject
Project("{9A19103F-16F7-4668-BE54-9A1E7A4F7556}") = "Moving", "Moving\Moving.csproj", "{C2B63F3B-E891-4F79-9E6C-045A4E49CA01}"
EndProject
Project("{9A19103F-16F7-4668-BE54-9A1E7A4F7556}") = "Clock", "Clock\Clock.csproj", "{1BF07B65-618C-413F-A074-7C89999B499B}"
EndProject
Project("{9A19103F-16F7-4668-BE54-9A1E7A4F7556}") = "MultiplicationTable", "MultiplicationTable\MultiplicationTable.csproj", "{E3F565A9-A75E-43A6-9797-179202B9B5CA}"
EndProject
Project("{9A19103F-16F7-4668-BE54-9A1E7A4F7556}") = "Combinations", "Combinations\Combinations.csproj", "{43BB8742-05C8-463F-BDC6-F3BA145B3C69}"
EndProject
Project("{9A19103F-16F7-4668-BE54-9A1E7A4F7556}") = "MagicNumber", "MagicNumber\MagicNumber.csproj", "{DB085FB3-6F8E-4A6B-BA7F-BE4F8659FF6C}"
EndProject
Project("{9A19103F-16F7-4668-BE54-9A1E7A4F7556}") = "Travelling", "Travelling\Travelling.csproj", "{82191A09-CBFB-42F8-9593-A1AC36B3E2B1}"
EndProject
Project("{9A19103F-16F7-4668-BE54-9A1E7A4F7556}") = "Building", "Building\Building.csproj", "{77813438-27CB-485C-A3D6-01D4D39F9671}"
EndProject
Project("{9A19103F-16F7-4668-BE54-9A1E7A4F7556}") = "Pyramid", "Pyramid\Pyramid.csproj", "{F3D4C29E-AC3C-48B5-84ED-84C186F8236A}"
EndProject
Project("{9A19103F-16F7-4668-BE54-9A1E7A4F7556}") = "EqualSumsEVenOddPosition", "EqualSumsEVenOddPosition\EqualSumsEVenOddPosition.csproj", "{F211678C-3A9D-4C0E-A66D-A878B4167978}"
EndProject
Project("{9A19103F-16F7-4668-BE54-9A1E7A4F7556}") = "SumPrimeNonPrime", "SumPrimeNonPrime\SumPrimeNonPrime.csproj", "{F7B74D42-2EC3-46F7-AD15-C4DDEBCDA61E}"
EndProject
Project("{9A19103F-16F7-4668-BE54-9A1E7A4F7556}") = "TrainTheTrainers", "TrainTheTrainers\TrainTheTrainers.csproj", "{05349819-14B3-4761-AD60-745A80B9623F}"
EndProject
Project("{9A19103F-16F7-4668-BE54-9A1E7A4F7556}") = "SpecialNumbers", "SpecialNumbers\SpecialNumbers.csproj", "{F4FFE748-2E3B-491E-84C3-6C96B76971F0}"
EndProject
Project("{9A19103F-16F7-4668-BE54-9A1E7A4F7556}") = "CinemaTickets", "CinemaTickets\CinemaTickets.csproj", "{603B3FE5-B4EB-409A-A082-D2FCAD2EFE51}"
EndProject
Project("{9A19103F-16F7-4668-BE54-9A1E7A4F7556}") = "EvenOdd", "EvenOdd\EvenOdd.csproj", "{AF950A5A-7E2C-40CC-9CD0-CC8F18790E36}"
EndProject
Project("{9A19103F-16F7-4668-BE54-9A1E7A4F7556}") = "UniquePINCodes", "UniquePINCodes\UniquePINCodes.csproj", "{CB221009-17D2-4673-B23D-136CE845BB0C}"
EndProject
Project("{9A19103F-16F7-4668-BE54-9A1E7A4F7556}") = "LettersCombinations", "LettersCombinations\LettersCombinations.csproj", "{101C94BC-19BE-4C42-A917-57938375C370}"
EndProject
Project("{9A19103F-16F7-4668-BE54-9A1E7A4F7556}") = "LuckyNumbers", "LuckyNumbers\LuckyNumbers.csproj", "{9FC18842-525E-40BA-9A19-46491CCD5004}"
EndProject
Project("{9A19103F-16F7-4668-BE54-9A1E7A4F7556}") = "CarNumber", "CarNumber\CarNumber.csproj", "{1BE3878E-46C0-4F85-83F4-CF908F3ACA79}"
EndProject
Project("{9A19103F-16F7-4668-BE54-9A1E7A4F7556}") = "ChallengeTheWedding", "ChallengeTheWedding\ChallengeTheWedding.csproj", "{0CA9E9FE-C06A-4C4F-BC43-E2FE4BC6F27E}"
EndProject
Project("{9A19103F-16F7-4668-BE54-9A1E7A4F7556}") = "WeddingSeats", "WeddingSeats\WeddingSeats.csproj", "{ABB359C3-8825-4A7A-8413-EE82C68CA881}"
EndProject
Project("{9A19103F-16F7-4668-BE54-9A1E7A4F7556}") = "SafePasswordsGenerator", "SafePasswordsGenerator\SafePasswordsGenerator.csproj", "{902F57C9-DA9F-4916-A362-E26B6179A262}"
EndProject
Project("{9A19103F-16F7-4668-BE54-9A1E7A4F7556}") = "SecretDoorsLock", "SecretDoorsLock\SecretDoorsLock.csproj", "{89713D34-D196-4F08-9752-A7F63F114364}"
EndProject
Project("{9A19103F-16F7-4668-BE54-9A1E7A4F7556}") = "SumOfTwoNumbers", "SumOfTwoNumbers\SumOfTwoNumbers.csproj", "{4BEC3AD7-D605-41A9-8335-692A0645814E}"
EndProject
Project("{9A19103F-16F7-4668-BE54-9A1E7A4F7556}") = "Profit", "Profit\Profit.csproj", "{FF710C1C-A84B-4E21-8A08-7DF02C01ED25}"
EndProject
Project("{9A19103F-16F7-4668-BE54-9A1E7A4F7556}") = "ParkingHappyCat", "ParkingHappyCat\ParkingHappyCat.csproj", "{0EBA46C2-7F29-4FAF-AC40-FAB5115A7213}"
EndProject
Project("{9A19103F-16F7-4668-BE54-9A1E7A4F7556}") = "SongOfTheWeels", "SongOfTheWeels\SongOfTheWeels.csproj", "{4EE595EF-FCA3-4C97-BA58-384AA12B2C3F}"
EndProject
Project("{9A19103F-16F7-4668-BE54-9A1E7A4F7556}") = "SumPrimes", "SumPrimes\SumPrimes.csproj", "{2E4B5E63-1FDE-44CF-BC28-B6CC561B7098}"
EndProject
Project("{FAE04EC0-301F-11D3-BF4B-00C04F79EFBC}") = "PasswordsGenerator", "PasswordsGenerator\PasswordsGenerator.csproj", "{36E1897E-97BF-4B29-AB40-1560D84A4F47}"
EndProject
Global
	GlobalSection(SolutionConfigurationPlatforms) = preSolution
		Debug|Any CPU = Debug|Any CPU
		Release|Any CPU = Release|Any CPU
	EndGlobalSection
	GlobalSection(ProjectConfigurationPlatforms) = postSolution
		{F5DD34F0-65B2-4A7D-A873-1E226BFB91AD}.Debug|Any CPU.ActiveCfg = Debug|Any CPU
		{F5DD34F0-65B2-4A7D-A873-1E226BFB91AD}.Debug|Any CPU.Build.0 = Debug|Any CPU
		{F5DD34F0-65B2-4A7D-A873-1E226BFB91AD}.Release|Any CPU.ActiveCfg = Release|Any CPU
		{F5DD34F0-65B2-4A7D-A873-1E226BFB91AD}.Release|Any CPU.Build.0 = Release|Any CPU
		{5496E30D-4F09-4458-8A64-E010E10467C7}.Debug|Any CPU.ActiveCfg = Debug|Any CPU
		{5496E30D-4F09-4458-8A64-E010E10467C7}.Debug|Any CPU.Build.0 = Debug|Any CPU
		{5496E30D-4F09-4458-8A64-E010E10467C7}.Release|Any CPU.ActiveCfg = Release|Any CPU
		{5496E30D-4F09-4458-8A64-E010E10467C7}.Release|Any CPU.Build.0 = Release|Any CPU
		{B9473FBA-14A4-4D35-B8F1-451EC9AE6E55}.Debug|Any CPU.ActiveCfg = Debug|Any CPU
		{B9473FBA-14A4-4D35-B8F1-451EC9AE6E55}.Debug|Any CPU.Build.0 = Debug|Any CPU
		{B9473FBA-14A4-4D35-B8F1-451EC9AE6E55}.Release|Any CPU.ActiveCfg = Release|Any CPU
		{B9473FBA-14A4-4D35-B8F1-451EC9AE6E55}.Release|Any CPU.Build.0 = Release|Any CPU
		{94923BF9-2A4D-406E-BEF2-40DFDB0AE1E3}.Debug|Any CPU.ActiveCfg = Debug|Any CPU
		{94923BF9-2A4D-406E-BEF2-40DFDB0AE1E3}.Debug|Any CPU.Build.0 = Debug|Any CPU
		{94923BF9-2A4D-406E-BEF2-40DFDB0AE1E3}.Release|Any CPU.ActiveCfg = Release|Any CPU
		{94923BF9-2A4D-406E-BEF2-40DFDB0AE1E3}.Release|Any CPU.Build.0 = Release|Any CPU
		{9E0AEF8B-7220-408B-A347-6A0EFF7206FF}.Debug|Any CPU.ActiveCfg = Debug|Any CPU
		{9E0AEF8B-7220-408B-A347-6A0EFF7206FF}.Debug|Any CPU.Build.0 = Debug|Any CPU
		{9E0AEF8B-7220-408B-A347-6A0EFF7206FF}.Release|Any CPU.ActiveCfg = Release|Any CPU
		{9E0AEF8B-7220-408B-A347-6A0EFF7206FF}.Release|Any CPU.Build.0 = Release|Any CPU
		{35D4C655-D513-4770-9310-1867E8571FE2}.Debug|Any CPU.ActiveCfg = Debug|Any CPU
		{35D4C655-D513-4770-9310-1867E8571FE2}.Debug|Any CPU.Build.0 = Debug|Any CPU
		{35D4C655-D513-4770-9310-1867E8571FE2}.Release|Any CPU.ActiveCfg = Release|Any CPU
		{35D4C655-D513-4770-9310-1867E8571FE2}.Release|Any CPU.Build.0 = Release|Any CPU
		{E23F383E-26BF-4D49-A1EC-588AE298B67B}.Debug|Any CPU.ActiveCfg = Debug|Any CPU
		{E23F383E-26BF-4D49-A1EC-588AE298B67B}.Debug|Any CPU.Build.0 = Debug|Any CPU
		{E23F383E-26BF-4D49-A1EC-588AE298B67B}.Release|Any CPU.ActiveCfg = Release|Any CPU
		{E23F383E-26BF-4D49-A1EC-588AE298B67B}.Release|Any CPU.Build.0 = Release|Any CPU
		{B49B0973-B790-44BB-916A-E3CD9AF0C8AC}.Debug|Any CPU.ActiveCfg = Debug|Any CPU
		{B49B0973-B790-44BB-916A-E3CD9AF0C8AC}.Debug|Any CPU.Build.0 = Debug|Any CPU
		{B49B0973-B790-44BB-916A-E3CD9AF0C8AC}.Release|Any CPU.ActiveCfg = Release|Any CPU
		{B49B0973-B790-44BB-916A-E3CD9AF0C8AC}.Release|Any CPU.Build.0 = Release|Any CPU
		{484E32BA-B650-47AA-9141-9898DB8CB65A}.Debug|Any CPU.ActiveCfg = Debug|Any CPU
		{484E32BA-B650-47AA-9141-9898DB8CB65A}.Debug|Any CPU.Build.0 = Debug|Any CPU
		{484E32BA-B650-47AA-9141-9898DB8CB65A}.Release|Any CPU.ActiveCfg = Release|Any CPU
		{484E32BA-B650-47AA-9141-9898DB8CB65A}.Release|Any CPU.Build.0 = Release|Any CPU
		{D63964AB-7C6E-45F6-A7A3-36773146FC51}.Debug|Any CPU.ActiveCfg = Debug|Any CPU
		{D63964AB-7C6E-45F6-A7A3-36773146FC51}.Debug|Any CPU.Build.0 = Debug|Any CPU
		{D63964AB-7C6E-45F6-A7A3-36773146FC51}.Release|Any CPU.ActiveCfg = Release|Any CPU
		{D63964AB-7C6E-45F6-A7A3-36773146FC51}.Release|Any CPU.Build.0 = Release|Any CPU
		{182CB1A3-87A3-42E8-BCFB-75EF76B38AEA}.Debug|Any CPU.ActiveCfg = Debug|Any CPU
		{182CB1A3-87A3-42E8-BCFB-75EF76B38AEA}.Debug|Any CPU.Build.0 = Debug|Any CPU
		{182CB1A3-87A3-42E8-BCFB-75EF76B38AEA}.Release|Any CPU.ActiveCfg = Release|Any CPU
		{182CB1A3-87A3-42E8-BCFB-75EF76B38AEA}.Release|Any CPU.Build.0 = Release|Any CPU
		{B0DA6569-EF1B-4753-AED0-1FEA57462B66}.Debug|Any CPU.ActiveCfg = Debug|Any CPU
		{B0DA6569-EF1B-4753-AED0-1FEA57462B66}.Debug|Any CPU.Build.0 = Debug|Any CPU
		{B0DA6569-EF1B-4753-AED0-1FEA57462B66}.Release|Any CPU.ActiveCfg = Release|Any CPU
		{B0DA6569-EF1B-4753-AED0-1FEA57462B66}.Release|Any CPU.Build.0 = Release|Any CPU
		{A90CF2E2-3E39-4979-A25D-99A61557E83E}.Debug|Any CPU.ActiveCfg = Debug|Any CPU
		{A90CF2E2-3E39-4979-A25D-99A61557E83E}.Debug|Any CPU.Build.0 = Debug|Any CPU
		{A90CF2E2-3E39-4979-A25D-99A61557E83E}.Release|Any CPU.ActiveCfg = Release|Any CPU
		{A90CF2E2-3E39-4979-A25D-99A61557E83E}.Release|Any CPU.Build.0 = Release|Any CPU
		{8B7DD07F-F2B9-4CFB-BE4D-08D9B6A4DC2D}.Debug|Any CPU.ActiveCfg = Debug|Any CPU
		{8B7DD07F-F2B9-4CFB-BE4D-08D9B6A4DC2D}.Debug|Any CPU.Build.0 = Debug|Any CPU
		{8B7DD07F-F2B9-4CFB-BE4D-08D9B6A4DC2D}.Release|Any CPU.ActiveCfg = Release|Any CPU
		{8B7DD07F-F2B9-4CFB-BE4D-08D9B6A4DC2D}.Release|Any CPU.Build.0 = Release|Any CPU
		{2F566DCE-73FC-421C-9AD5-02C87639DBC9}.Debug|Any CPU.ActiveCfg = Debug|Any CPU
		{2F566DCE-73FC-421C-9AD5-02C87639DBC9}.Debug|Any CPU.Build.0 = Debug|Any CPU
		{2F566DCE-73FC-421C-9AD5-02C87639DBC9}.Release|Any CPU.ActiveCfg = Release|Any CPU
		{2F566DCE-73FC-421C-9AD5-02C87639DBC9}.Release|Any CPU.Build.0 = Release|Any CPU
		{7E961B5A-7F7E-4058-8384-63569D7CC1A0}.Debug|Any CPU.ActiveCfg = Debug|Any CPU
		{7E961B5A-7F7E-4058-8384-63569D7CC1A0}.Debug|Any CPU.Build.0 = Debug|Any CPU
		{7E961B5A-7F7E-4058-8384-63569D7CC1A0}.Release|Any CPU.ActiveCfg = Release|Any CPU
		{7E961B5A-7F7E-4058-8384-63569D7CC1A0}.Release|Any CPU.Build.0 = Release|Any CPU
		{6E5CA8CE-5832-418B-9646-62FDBA49F822}.Debug|Any CPU.ActiveCfg = Debug|Any CPU
		{6E5CA8CE-5832-418B-9646-62FDBA49F822}.Debug|Any CPU.Build.0 = Debug|Any CPU
		{6E5CA8CE-5832-418B-9646-62FDBA49F822}.Release|Any CPU.ActiveCfg = Release|Any CPU
		{6E5CA8CE-5832-418B-9646-62FDBA49F822}.Release|Any CPU.Build.0 = Release|Any CPU
		{2B4509F5-E01A-40C1-A499-31AE23AA1AD3}.Debug|Any CPU.ActiveCfg = Debug|Any CPU
		{2B4509F5-E01A-40C1-A499-31AE23AA1AD3}.Debug|Any CPU.Build.0 = Debug|Any CPU
		{2B4509F5-E01A-40C1-A499-31AE23AA1AD3}.Release|Any CPU.ActiveCfg = Release|Any CPU
		{2B4509F5-E01A-40C1-A499-31AE23AA1AD3}.Release|Any CPU.Build.0 = Release|Any CPU
		{90091825-D548-4EAB-8728-002A4FF3EAE4}.Debug|Any CPU.ActiveCfg = Debug|Any CPU
		{90091825-D548-4EAB-8728-002A4FF3EAE4}.Debug|Any CPU.Build.0 = Debug|Any CPU
		{90091825-D548-4EAB-8728-002A4FF3EAE4}.Release|Any CPU.ActiveCfg = Release|Any CPU
		{90091825-D548-4EAB-8728-002A4FF3EAE4}.Release|Any CPU.Build.0 = Release|Any CPU
		{4C40C628-2B25-4D82-96B4-E7419909CF2E}.Debug|Any CPU.ActiveCfg = Debug|Any CPU
		{4C40C628-2B25-4D82-96B4-E7419909CF2E}.Debug|Any CPU.Build.0 = Debug|Any CPU
		{4C40C628-2B25-4D82-96B4-E7419909CF2E}.Release|Any CPU.ActiveCfg = Release|Any CPU
		{4C40C628-2B25-4D82-96B4-E7419909CF2E}.Release|Any CPU.Build.0 = Release|Any CPU
		{F88133E6-3A4D-49AF-9116-E6FFDD41BA85}.Debug|Any CPU.ActiveCfg = Debug|Any CPU
		{F88133E6-3A4D-49AF-9116-E6FFDD41BA85}.Debug|Any CPU.Build.0 = Debug|Any CPU
		{F88133E6-3A4D-49AF-9116-E6FFDD41BA85}.Release|Any CPU.ActiveCfg = Release|Any CPU
		{F88133E6-3A4D-49AF-9116-E6FFDD41BA85}.Release|Any CPU.Build.0 = Release|Any CPU
		{0D1A98E4-EA5C-4123-AFE7-20789DB53520}.Debug|Any CPU.ActiveCfg = Debug|Any CPU
		{0D1A98E4-EA5C-4123-AFE7-20789DB53520}.Debug|Any CPU.Build.0 = Debug|Any CPU
		{0D1A98E4-EA5C-4123-AFE7-20789DB53520}.Release|Any CPU.ActiveCfg = Release|Any CPU
		{0D1A98E4-EA5C-4123-AFE7-20789DB53520}.Release|Any CPU.Build.0 = Release|Any CPU
		{3871B35E-B409-4128-952D-00FCE5AF42DA}.Debug|Any CPU.ActiveCfg = Debug|Any CPU
		{3871B35E-B409-4128-952D-00FCE5AF42DA}.Debug|Any CPU.Build.0 = Debug|Any CPU
		{3871B35E-B409-4128-952D-00FCE5AF42DA}.Release|Any CPU.ActiveCfg = Release|Any CPU
		{3871B35E-B409-4128-952D-00FCE5AF42DA}.Release|Any CPU.Build.0 = Release|Any CPU
		{335446B6-E3E4-4CEF-ACB9-43DD19406F79}.Debug|Any CPU.ActiveCfg = Debug|Any CPU
		{335446B6-E3E4-4CEF-ACB9-43DD19406F79}.Debug|Any CPU.Build.0 = Debug|Any CPU
		{335446B6-E3E4-4CEF-ACB9-43DD19406F79}.Release|Any CPU.ActiveCfg = Release|Any CPU
		{335446B6-E3E4-4CEF-ACB9-43DD19406F79}.Release|Any CPU.Build.0 = Release|Any CPU
		{AA74D2C5-9A57-4C41-B120-E590C2553F1E}.Debug|Any CPU.ActiveCfg = Debug|Any CPU
		{AA74D2C5-9A57-4C41-B120-E590C2553F1E}.Debug|Any CPU.Build.0 = Debug|Any CPU
		{AA74D2C5-9A57-4C41-B120-E590C2553F1E}.Release|Any CPU.ActiveCfg = Release|Any CPU
		{AA74D2C5-9A57-4C41-B120-E590C2553F1E}.Release|Any CPU.Build.0 = Release|Any CPU
		{80E70D66-6471-4BFE-9F39-D97CBAF3935D}.Debug|Any CPU.ActiveCfg = Debug|Any CPU
		{80E70D66-6471-4BFE-9F39-D97CBAF3935D}.Debug|Any CPU.Build.0 = Debug|Any CPU
		{80E70D66-6471-4BFE-9F39-D97CBAF3935D}.Release|Any CPU.ActiveCfg = Release|Any CPU
		{80E70D66-6471-4BFE-9F39-D97CBAF3935D}.Release|Any CPU.Build.0 = Release|Any CPU
		{B90595A1-EBBA-44D8-9FBC-A5B28C4E033C}.Debug|Any CPU.ActiveCfg = Debug|Any CPU
		{B90595A1-EBBA-44D8-9FBC-A5B28C4E033C}.Debug|Any CPU.Build.0 = Debug|Any CPU
		{B90595A1-EBBA-44D8-9FBC-A5B28C4E033C}.Release|Any CPU.ActiveCfg = Release|Any CPU
		{B90595A1-EBBA-44D8-9FBC-A5B28C4E033C}.Release|Any CPU.Build.0 = Release|Any CPU
		{C43F29BA-C545-48BE-8CF5-CD853A63B200}.Debug|Any CPU.ActiveCfg = Debug|Any CPU
		{C43F29BA-C545-48BE-8CF5-CD853A63B200}.Debug|Any CPU.Build.0 = Debug|Any CPU
		{C43F29BA-C545-48BE-8CF5-CD853A63B200}.Release|Any CPU.ActiveCfg = Release|Any CPU
		{C43F29BA-C545-48BE-8CF5-CD853A63B200}.Release|Any CPU.Build.0 = Release|Any CPU
		{02D6FD9D-70BD-4367-B2BF-C11D644B318C}.Debug|Any CPU.ActiveCfg = Debug|Any CPU
		{02D6FD9D-70BD-4367-B2BF-C11D644B318C}.Debug|Any CPU.Build.0 = Debug|Any CPU
		{02D6FD9D-70BD-4367-B2BF-C11D644B318C}.Release|Any CPU.ActiveCfg = Release|Any CPU
		{02D6FD9D-70BD-4367-B2BF-C11D644B318C}.Release|Any CPU.Build.0 = Release|Any CPU
		{1099BF84-3F98-40E9-89A7-1D15BED7A77D}.Debug|Any CPU.ActiveCfg = Debug|Any CPU
		{1099BF84-3F98-40E9-89A7-1D15BED7A77D}.Debug|Any CPU.Build.0 = Debug|Any CPU
		{1099BF84-3F98-40E9-89A7-1D15BED7A77D}.Release|Any CPU.ActiveCfg = Release|Any CPU
		{1099BF84-3F98-40E9-89A7-1D15BED7A77D}.Release|Any CPU.Build.0 = Release|Any CPU
		{9C78D2FF-782A-4995-BAC2-57AF866E94AD}.Debug|Any CPU.ActiveCfg = Debug|Any CPU
		{9C78D2FF-782A-4995-BAC2-57AF866E94AD}.Debug|Any CPU.Build.0 = Debug|Any CPU
		{9C78D2FF-782A-4995-BAC2-57AF866E94AD}.Release|Any CPU.ActiveCfg = Release|Any CPU
		{9C78D2FF-782A-4995-BAC2-57AF866E94AD}.Release|Any CPU.Build.0 = Release|Any CPU
		{492242B4-255B-4BDB-82E8-95A5469C8B33}.Debug|Any CPU.ActiveCfg = Debug|Any CPU
		{492242B4-255B-4BDB-82E8-95A5469C8B33}.Debug|Any CPU.Build.0 = Debug|Any CPU
		{492242B4-255B-4BDB-82E8-95A5469C8B33}.Release|Any CPU.ActiveCfg = Release|Any CPU
		{492242B4-255B-4BDB-82E8-95A5469C8B33}.Release|Any CPU.Build.0 = Release|Any CPU
		{3123A960-FB1B-4DDA-BEAB-CB009D676EAE}.Debug|Any CPU.ActiveCfg = Debug|Any CPU
		{3123A960-FB1B-4DDA-BEAB-CB009D676EAE}.Debug|Any CPU.Build.0 = Debug|Any CPU
		{3123A960-FB1B-4DDA-BEAB-CB009D676EAE}.Release|Any CPU.ActiveCfg = Release|Any CPU
		{3123A960-FB1B-4DDA-BEAB-CB009D676EAE}.Release|Any CPU.Build.0 = Release|Any CPU
		{32F609B7-B682-4AFF-AB91-59225DFF4171}.Debug|Any CPU.ActiveCfg = Debug|Any CPU
		{32F609B7-B682-4AFF-AB91-59225DFF4171}.Debug|Any CPU.Build.0 = Debug|Any CPU
		{32F609B7-B682-4AFF-AB91-59225DFF4171}.Release|Any CPU.ActiveCfg = Release|Any CPU
		{32F609B7-B682-4AFF-AB91-59225DFF4171}.Release|Any CPU.Build.0 = Release|Any CPU
		{78B5044E-215C-4512-9F99-DC010E8BB619}.Debug|Any CPU.ActiveCfg = Debug|Any CPU
		{78B5044E-215C-4512-9F99-DC010E8BB619}.Debug|Any CPU.Build.0 = Debug|Any CPU
		{78B5044E-215C-4512-9F99-DC010E8BB619}.Release|Any CPU.ActiveCfg = Release|Any CPU
		{78B5044E-215C-4512-9F99-DC010E8BB619}.Release|Any CPU.Build.0 = Release|Any CPU
		{C2B63F3B-E891-4F79-9E6C-045A4E49CA01}.Debug|Any CPU.ActiveCfg = Debug|Any CPU
		{C2B63F3B-E891-4F79-9E6C-045A4E49CA01}.Debug|Any CPU.Build.0 = Debug|Any CPU
		{C2B63F3B-E891-4F79-9E6C-045A4E49CA01}.Release|Any CPU.ActiveCfg = Release|Any CPU
		{C2B63F3B-E891-4F79-9E6C-045A4E49CA01}.Release|Any CPU.Build.0 = Release|Any CPU
		{1BF07B65-618C-413F-A074-7C89999B499B}.Debug|Any CPU.ActiveCfg = Debug|Any CPU
		{1BF07B65-618C-413F-A074-7C89999B499B}.Debug|Any CPU.Build.0 = Debug|Any CPU
		{1BF07B65-618C-413F-A074-7C89999B499B}.Release|Any CPU.ActiveCfg = Release|Any CPU
		{1BF07B65-618C-413F-A074-7C89999B499B}.Release|Any CPU.Build.0 = Release|Any CPU
		{E3F565A9-A75E-43A6-9797-179202B9B5CA}.Debug|Any CPU.ActiveCfg = Debug|Any CPU
		{E3F565A9-A75E-43A6-9797-179202B9B5CA}.Debug|Any CPU.Build.0 = Debug|Any CPU
		{E3F565A9-A75E-43A6-9797-179202B9B5CA}.Release|Any CPU.ActiveCfg = Release|Any CPU
		{E3F565A9-A75E-43A6-9797-179202B9B5CA}.Release|Any CPU.Build.0 = Release|Any CPU
		{43BB8742-05C8-463F-BDC6-F3BA145B3C69}.Debug|Any CPU.ActiveCfg = Debug|Any CPU
		{43BB8742-05C8-463F-BDC6-F3BA145B3C69}.Debug|Any CPU.Build.0 = Debug|Any CPU
		{43BB8742-05C8-463F-BDC6-F3BA145B3C69}.Release|Any CPU.ActiveCfg = Release|Any CPU
		{43BB8742-05C8-463F-BDC6-F3BA145B3C69}.Release|Any CPU.Build.0 = Release|Any CPU
		{DB085FB3-6F8E-4A6B-BA7F-BE4F8659FF6C}.Debug|Any CPU.ActiveCfg = Debug|Any CPU
		{DB085FB3-6F8E-4A6B-BA7F-BE4F8659FF6C}.Debug|Any CPU.Build.0 = Debug|Any CPU
		{DB085FB3-6F8E-4A6B-BA7F-BE4F8659FF6C}.Release|Any CPU.ActiveCfg = Release|Any CPU
		{DB085FB3-6F8E-4A6B-BA7F-BE4F8659FF6C}.Release|Any CPU.Build.0 = Release|Any CPU
		{82191A09-CBFB-42F8-9593-A1AC36B3E2B1}.Debug|Any CPU.ActiveCfg = Debug|Any CPU
		{82191A09-CBFB-42F8-9593-A1AC36B3E2B1}.Debug|Any CPU.Build.0 = Debug|Any CPU
		{82191A09-CBFB-42F8-9593-A1AC36B3E2B1}.Release|Any CPU.ActiveCfg = Release|Any CPU
		{82191A09-CBFB-42F8-9593-A1AC36B3E2B1}.Release|Any CPU.Build.0 = Release|Any CPU
		{77813438-27CB-485C-A3D6-01D4D39F9671}.Debug|Any CPU.ActiveCfg = Debug|Any CPU
		{77813438-27CB-485C-A3D6-01D4D39F9671}.Debug|Any CPU.Build.0 = Debug|Any CPU
		{77813438-27CB-485C-A3D6-01D4D39F9671}.Release|Any CPU.ActiveCfg = Release|Any CPU
		{77813438-27CB-485C-A3D6-01D4D39F9671}.Release|Any CPU.Build.0 = Release|Any CPU
		{F3D4C29E-AC3C-48B5-84ED-84C186F8236A}.Debug|Any CPU.ActiveCfg = Debug|Any CPU
		{F3D4C29E-AC3C-48B5-84ED-84C186F8236A}.Debug|Any CPU.Build.0 = Debug|Any CPU
		{F3D4C29E-AC3C-48B5-84ED-84C186F8236A}.Release|Any CPU.ActiveCfg = Release|Any CPU
		{F3D4C29E-AC3C-48B5-84ED-84C186F8236A}.Release|Any CPU.Build.0 = Release|Any CPU
		{F211678C-3A9D-4C0E-A66D-A878B4167978}.Debug|Any CPU.ActiveCfg = Debug|Any CPU
		{F211678C-3A9D-4C0E-A66D-A878B4167978}.Debug|Any CPU.Build.0 = Debug|Any CPU
		{F211678C-3A9D-4C0E-A66D-A878B4167978}.Release|Any CPU.ActiveCfg = Release|Any CPU
		{F211678C-3A9D-4C0E-A66D-A878B4167978}.Release|Any CPU.Build.0 = Release|Any CPU
		{F7B74D42-2EC3-46F7-AD15-C4DDEBCDA61E}.Debug|Any CPU.ActiveCfg = Debug|Any CPU
		{F7B74D42-2EC3-46F7-AD15-C4DDEBCDA61E}.Debug|Any CPU.Build.0 = Debug|Any CPU
		{F7B74D42-2EC3-46F7-AD15-C4DDEBCDA61E}.Release|Any CPU.ActiveCfg = Release|Any CPU
		{F7B74D42-2EC3-46F7-AD15-C4DDEBCDA61E}.Release|Any CPU.Build.0 = Release|Any CPU
		{05349819-14B3-4761-AD60-745A80B9623F}.Debug|Any CPU.ActiveCfg = Debug|Any CPU
		{05349819-14B3-4761-AD60-745A80B9623F}.Debug|Any CPU.Build.0 = Debug|Any CPU
		{05349819-14B3-4761-AD60-745A80B9623F}.Release|Any CPU.ActiveCfg = Release|Any CPU
		{05349819-14B3-4761-AD60-745A80B9623F}.Release|Any CPU.Build.0 = Release|Any CPU
		{F4FFE748-2E3B-491E-84C3-6C96B76971F0}.Debug|Any CPU.ActiveCfg = Debug|Any CPU
		{F4FFE748-2E3B-491E-84C3-6C96B76971F0}.Debug|Any CPU.Build.0 = Debug|Any CPU
		{F4FFE748-2E3B-491E-84C3-6C96B76971F0}.Release|Any CPU.ActiveCfg = Release|Any CPU
		{F4FFE748-2E3B-491E-84C3-6C96B76971F0}.Release|Any CPU.Build.0 = Release|Any CPU
		{603B3FE5-B4EB-409A-A082-D2FCAD2EFE51}.Debug|Any CPU.ActiveCfg = Debug|Any CPU
		{603B3FE5-B4EB-409A-A082-D2FCAD2EFE51}.Debug|Any CPU.Build.0 = Debug|Any CPU
		{603B3FE5-B4EB-409A-A082-D2FCAD2EFE51}.Release|Any CPU.ActiveCfg = Release|Any CPU
		{603B3FE5-B4EB-409A-A082-D2FCAD2EFE51}.Release|Any CPU.Build.0 = Release|Any CPU
		{AF950A5A-7E2C-40CC-9CD0-CC8F18790E36}.Debug|Any CPU.ActiveCfg = Debug|Any CPU
		{AF950A5A-7E2C-40CC-9CD0-CC8F18790E36}.Debug|Any CPU.Build.0 = Debug|Any CPU
		{AF950A5A-7E2C-40CC-9CD0-CC8F18790E36}.Release|Any CPU.ActiveCfg = Release|Any CPU
		{AF950A5A-7E2C-40CC-9CD0-CC8F18790E36}.Release|Any CPU.Build.0 = Release|Any CPU
		{CB221009-17D2-4673-B23D-136CE845BB0C}.Debug|Any CPU.ActiveCfg = Debug|Any CPU
		{CB221009-17D2-4673-B23D-136CE845BB0C}.Debug|Any CPU.Build.0 = Debug|Any CPU
		{CB221009-17D2-4673-B23D-136CE845BB0C}.Release|Any CPU.ActiveCfg = Release|Any CPU
		{CB221009-17D2-4673-B23D-136CE845BB0C}.Release|Any CPU.Build.0 = Release|Any CPU
		{101C94BC-19BE-4C42-A917-57938375C370}.Debug|Any CPU.ActiveCfg = Debug|Any CPU
		{101C94BC-19BE-4C42-A917-57938375C370}.Debug|Any CPU.Build.0 = Debug|Any CPU
		{101C94BC-19BE-4C42-A917-57938375C370}.Release|Any CPU.ActiveCfg = Release|Any CPU
		{101C94BC-19BE-4C42-A917-57938375C370}.Release|Any CPU.Build.0 = Release|Any CPU
		{9FC18842-525E-40BA-9A19-46491CCD5004}.Debug|Any CPU.ActiveCfg = Debug|Any CPU
		{9FC18842-525E-40BA-9A19-46491CCD5004}.Debug|Any CPU.Build.0 = Debug|Any CPU
		{9FC18842-525E-40BA-9A19-46491CCD5004}.Release|Any CPU.ActiveCfg = Release|Any CPU
		{9FC18842-525E-40BA-9A19-46491CCD5004}.Release|Any CPU.Build.0 = Release|Any CPU
		{1BE3878E-46C0-4F85-83F4-CF908F3ACA79}.Debug|Any CPU.ActiveCfg = Debug|Any CPU
		{1BE3878E-46C0-4F85-83F4-CF908F3ACA79}.Debug|Any CPU.Build.0 = Debug|Any CPU
		{1BE3878E-46C0-4F85-83F4-CF908F3ACA79}.Release|Any CPU.ActiveCfg = Release|Any CPU
		{1BE3878E-46C0-4F85-83F4-CF908F3ACA79}.Release|Any CPU.Build.0 = Release|Any CPU
		{0CA9E9FE-C06A-4C4F-BC43-E2FE4BC6F27E}.Debug|Any CPU.ActiveCfg = Debug|Any CPU
		{0CA9E9FE-C06A-4C4F-BC43-E2FE4BC6F27E}.Debug|Any CPU.Build.0 = Debug|Any CPU
		{0CA9E9FE-C06A-4C4F-BC43-E2FE4BC6F27E}.Release|Any CPU.ActiveCfg = Release|Any CPU
		{0CA9E9FE-C06A-4C4F-BC43-E2FE4BC6F27E}.Release|Any CPU.Build.0 = Release|Any CPU
		{ABB359C3-8825-4A7A-8413-EE82C68CA881}.Debug|Any CPU.ActiveCfg = Debug|Any CPU
		{ABB359C3-8825-4A7A-8413-EE82C68CA881}.Debug|Any CPU.Build.0 = Debug|Any CPU
		{ABB359C3-8825-4A7A-8413-EE82C68CA881}.Release|Any CPU.ActiveCfg = Release|Any CPU
		{ABB359C3-8825-4A7A-8413-EE82C68CA881}.Release|Any CPU.Build.0 = Release|Any CPU
		{902F57C9-DA9F-4916-A362-E26B6179A262}.Debug|Any CPU.ActiveCfg = Debug|Any CPU
		{902F57C9-DA9F-4916-A362-E26B6179A262}.Debug|Any CPU.Build.0 = Debug|Any CPU
		{902F57C9-DA9F-4916-A362-E26B6179A262}.Release|Any CPU.ActiveCfg = Release|Any CPU
		{902F57C9-DA9F-4916-A362-E26B6179A262}.Release|Any CPU.Build.0 = Release|Any CPU
		{89713D34-D196-4F08-9752-A7F63F114364}.Debug|Any CPU.ActiveCfg = Debug|Any CPU
		{89713D34-D196-4F08-9752-A7F63F114364}.Debug|Any CPU.Build.0 = Debug|Any CPU
		{89713D34-D196-4F08-9752-A7F63F114364}.Release|Any CPU.ActiveCfg = Release|Any CPU
		{89713D34-D196-4F08-9752-A7F63F114364}.Release|Any CPU.Build.0 = Release|Any CPU
		{4BEC3AD7-D605-41A9-8335-692A0645814E}.Debug|Any CPU.ActiveCfg = Debug|Any CPU
		{4BEC3AD7-D605-41A9-8335-692A0645814E}.Debug|Any CPU.Build.0 = Debug|Any CPU
		{4BEC3AD7-D605-41A9-8335-692A0645814E}.Release|Any CPU.ActiveCfg = Release|Any CPU
		{4BEC3AD7-D605-41A9-8335-692A0645814E}.Release|Any CPU.Build.0 = Release|Any CPU
		{FF710C1C-A84B-4E21-8A08-7DF02C01ED25}.Debug|Any CPU.ActiveCfg = Debug|Any CPU
		{FF710C1C-A84B-4E21-8A08-7DF02C01ED25}.Debug|Any CPU.Build.0 = Debug|Any CPU
		{FF710C1C-A84B-4E21-8A08-7DF02C01ED25}.Release|Any CPU.ActiveCfg = Release|Any CPU
		{FF710C1C-A84B-4E21-8A08-7DF02C01ED25}.Release|Any CPU.Build.0 = Release|Any CPU
		{0EBA46C2-7F29-4FAF-AC40-FAB5115A7213}.Debug|Any CPU.ActiveCfg = Debug|Any CPU
		{0EBA46C2-7F29-4FAF-AC40-FAB5115A7213}.Debug|Any CPU.Build.0 = Debug|Any CPU
		{0EBA46C2-7F29-4FAF-AC40-FAB5115A7213}.Release|Any CPU.ActiveCfg = Release|Any CPU
		{0EBA46C2-7F29-4FAF-AC40-FAB5115A7213}.Release|Any CPU.Build.0 = Release|Any CPU
		{4EE595EF-FCA3-4C97-BA58-384AA12B2C3F}.Debug|Any CPU.ActiveCfg = Debug|Any CPU
		{4EE595EF-FCA3-4C97-BA58-384AA12B2C3F}.Debug|Any CPU.Build.0 = Debug|Any CPU
		{4EE595EF-FCA3-4C97-BA58-384AA12B2C3F}.Release|Any CPU.ActiveCfg = Release|Any CPU
		{4EE595EF-FCA3-4C97-BA58-384AA12B2C3F}.Release|Any CPU.Build.0 = Release|Any CPU
		{2E4B5E63-1FDE-44CF-BC28-B6CC561B7098}.Debug|Any CPU.ActiveCfg = Debug|Any CPU
		{2E4B5E63-1FDE-44CF-BC28-B6CC561B7098}.Debug|Any CPU.Build.0 = Debug|Any CPU
		{2E4B5E63-1FDE-44CF-BC28-B6CC561B7098}.Release|Any CPU.ActiveCfg = Release|Any CPU
		{2E4B5E63-1FDE-44CF-BC28-B6CC561B7098}.Release|Any CPU.Build.0 = Release|Any CPU
		{36E1897E-97BF-4B29-AB40-1560D84A4F47}.Debug|Any CPU.ActiveCfg = Debug|Any CPU
		{36E1897E-97BF-4B29-AB40-1560D84A4F47}.Debug|Any CPU.Build.0 = Debug|Any CPU
		{36E1897E-97BF-4B29-AB40-1560D84A4F47}.Release|Any CPU.ActiveCfg = Release|Any CPU
		{36E1897E-97BF-4B29-AB40-1560D84A4F47}.Release|Any CPU.Build.0 = Release|Any CPU
	EndGlobalSection
	GlobalSection(SolutionProperties) = preSolution
		HideSolutionNode = FALSE
	EndGlobalSection
	GlobalSection(ExtensibilityGlobals) = postSolution
		SolutionGuid = {64AC0171-016C-4C51-B675-AD1DC6674346}
	EndGlobalSection
EndGlobal
